
Microsoft Visual Studio Solution File, Format Version 12.00
# Visual Studio Version 17
VisualStudioVersion = 17.0.31903.59
MinimumVisualStudioVersion = 10.0.40219.1
Project("{FAE04EC0-301F-11D3-BF4B-00C04F79EFBC}") = "AsterERP.Api", "backend\AsterERP.Api\AsterERP.Api.csproj", "{BFB6D4D3-5D7A-4B6D-9F1E-8D1E59F6C1F1}"
EndProject
Project("{FAE04EC0-301F-11D3-BF4B-00C04F79EFBC}") = "AsterERP.DbMigrator", "backend\AsterERP.DbMigrator\AsterERP.DbMigrator.csproj", "{C7E6E6E8-7A73-4E3D-9E9B-19C5C4AF7E1A}"
EndProject
Project("{2150E333-8FDC-42A3-9474-1A3956D46DE8}") = "backend", "backend", "{1AE8ACA6-933B-BF2A-3671-3E2EAC007D16}"
EndProject
Project("{FAE04EC0-301F-11D3-BF4B-00C04F79EFBC}") = "AsterERP.Shared", "backend\AsterERP.Shared\AsterERP.Shared.csproj", "{EB8067B6-0010-4894-B4E3-B08253873943}"
EndProject
Project("{FAE04EC0-301F-11D3-BF4B-00C04F79EFBC}") = "AsterERP.Contracts", "backend\AsterERP.Contracts\AsterERP.Contracts.csproj", "{11776762-B0D9-4824-8A8F-ADEA4576B01B}"
EndProject
Project("{FAE04EC0-301F-11D3-BF4B-00C04F79EFBC}") = "AsterERP.Domain", "backend\AsterERP.Domain\AsterERP.Domain.csproj", "{14879F7E-DBA4-4B69-86AD-93DECDBB5749}"
EndProject
Project("{FAE04EC0-301F-11D3-BF4B-00C04F79EFBC}") = "AsterERP.Api.Tests", "backend\AsterERP.Api.Tests\AsterERP.Api.Tests.csproj", "{1553B265-7882-47A2-A896-DC58C55D764C}"
EndProject
Project("{FAE04EC0-301F-11D3-BF4B-00C04F79EFBC}") = "AsterERP.Workflow.Tools", "backend\AsterERP.Workflow.Tools\AsterERP.Workflow.Tools.csproj", "{E9F1906C-54C6-4FF9-8534-02D3CDC31C48}"
EndProject
Project("{FAE04EC0-301F-11D3-BF4B-00C04F79EFBC}") = "AsterERP.Workflow.Approval.Api", "backend\AsterERP.Workflow.Approval.Api\AsterERP.Workflow.Approval.Api.csproj", "{D1CA2258-32FA-423D-8192-BFABAE6823D7}"
EndProject
Project("{FAE04EC0-301F-11D3-BF4B-00C04F79EFBC}") = "AsterERP.Workflow.Approval.Core", "backend\AsterERP.Workflow.Approval.Core\AsterERP.Workflow.Approval.Core.csproj", "{B5121C01-4AA7-4E68-BFB2-A51F58F2108E}"
EndProject
Project("{FAE04EC0-301F-11D3-BF4B-00C04F79EFBC}") = "AsterERP.Workflow.Core", "backend\AsterERP.Workflow.Core\AsterERP.Workflow.Core.csproj", "{E445C0F2-AA18-4D1A-AE20-96B52CBE12F6}"
EndProject
Project("{FAE04EC0-301F-11D3-BF4B-00C04F79EFBC}") = "AsterERP.Workflow.BpmnModel", "backend\AsterERP.Workflow.BpmnModel\AsterERP.Workflow.BpmnModel.csproj", "{A7648C30-3FEE-4277-95CC-818844F6CA7B}"
EndProject
Project("{FAE04EC0-301F-11D3-BF4B-00C04F79EFBC}") = "AsterERP.Workflow.BpmnParser", "backend\AsterERP.Workflow.BpmnParser\AsterERP.Workflow.BpmnParser.csproj", "{C9EFB04A-0D78-4F40-B13C-53DAA65C64F8}"
EndProject
Project("{FAE04EC0-301F-11D3-BF4B-00C04F79EFBC}") = "AsterERP.Workflow.Common", "backend\AsterERP.Workflow.Common\AsterERP.Workflow.Common.csproj", "{E821C5C5-74DE-4EAB-9B18-0297CE61217E}"
EndProject
Project("{FAE04EC0-301F-11D3-BF4B-00C04F79EFBC}") = "AsterERP.Workflow.Persistence", "backend\AsterERP.Workflow.Persistence\AsterERP.Workflow.Persistence.csproj", "{2BE3D375-F376-4B43-BF95-154152AACFD7}"
EndProject
Project("{FAE04EC0-301F-11D3-BF4B-00C04F79EFBC}") = "AsterERP.Workflow.Api", "backend\AsterERP.Workflow.Api\AsterERP.Workflow.Api.csproj", "{C9A8ABA4-63D6-45BC-BA5F-6F2BDF86BE4E}"
EndProject
Project("{FAE04EC0-301F-11D3-BF4B-00C04F79EFBC}") = "AsterERP.Workflow.DependencyInjection", "backend\AsterERP.Workflow.DependencyInjection\AsterERP.Workflow.DependencyInjection.csproj", "{4BAE572E-9CBB-47FC-A4D2-01E95AC6E084}"
EndProject
Project("{FAE04EC0-301F-11D3-BF4B-00C04F79EFBC}") = "AsterERP.Workflow.Forms.Api", "backend\AsterERP.Workflow.Forms.Api\AsterERP.Workflow.Forms.Api.csproj", "{8A3D4B42-9456-4C25-B287-F88AF9D176BC}"
EndProject
Project("{FAE04EC0-301F-11D3-BF4B-00C04F79EFBC}") = "AsterERP.Workflow.Forms.Core", "backend\AsterERP.Workflow.Forms.Core\AsterERP.Workflow.Forms.Core.csproj", "{1B12B659-DD3A-45E3-B144-33168995925F}"
EndProject
Project("{FAE04EC0-301F-11D3-BF4B-00C04F79EFBC}") = "AsterERP.Workflow.Processing", "backend\AsterERP.Workflow.Processing\AsterERP.Workflow.Processing.csproj", "{BED165D4-3FA4-4784-899A-BAC4F4843AA0}"
EndProject
Global
	GlobalSection(SolutionConfigurationPlatforms) = preSolution
		Debug|Any CPU = Debug|Any CPU
		Debug|x64 = Debug|x64
		Debug|x86 = Debug|x86
		Release|Any CPU = Release|Any CPU
		Release|x64 = Release|x64
		Release|x86 = Release|x86
	EndGlobalSection
	GlobalSection(ProjectConfigurationPlatforms) = postSolution
		{C7E6E6E8-7A73-4E3D-9E9B-19C5C4AF7E1A}.Debug|Any CPU.ActiveCfg = Debug|Any CPU
		{C7E6E6E8-7A73-4E3D-9E9B-19C5C4AF7E1A}.Debug|Any CPU.Build.0 = Debug|Any CPU
		{C7E6E6E8-7A73-4E3D-9E9B-19C5C4AF7E1A}.Debug|x64.ActiveCfg = Debug|Any CPU
		{C7E6E6E8-7A73-4E3D-9E9B-19C5C4AF7E1A}.Debug|x64.Build.0 = Debug|Any CPU
		{C7E6E6E8-7A73-4E3D-9E9B-19C5C4AF7E1A}.Debug|x86.ActiveCfg = Debug|Any CPU
		{C7E6E6E8-7A73-4E3D-9E9B-19C5C4AF7E1A}.Debug|x86.Build.0 = Debug|Any CPU
		{C7E6E6E8-7A73-4E3D-9E9B-19C5C4AF7E1A}.Release|Any CPU.ActiveCfg = Release|Any CPU
		{C7E6E6E8-7A73-4E3D-9E9B-19C5C4AF7E1A}.Release|Any CPU.Build.0 = Release|Any CPU
		{C7E6E6E8-7A73-4E3D-9E9B-19C5C4AF7E1A}.Release|x64.ActiveCfg = Release|Any CPU
		{C7E6E6E8-7A73-4E3D-9E9B-19C5C4AF7E1A}.Release|x64.Build.0 = Release|Any CPU
		{C7E6E6E8-7A73-4E3D-9E9B-19C5C4AF7E1A}.Release|x86.ActiveCfg = Release|Any CPU
		{C7E6E6E8-7A73-4E3D-9E9B-19C5C4AF7E1A}.Release|x86.Build.0 = Release|Any CPU
		{BFB6D4D3-5D7A-4B6D-9F1E-8D1E59F6C1F1}.Debug|Any CPU.ActiveCfg = Debug|Any CPU
		{BFB6D4D3-5D7A-4B6D-9F1E-8D1E59F6C1F1}.Debug|Any CPU.Build.0 = Debug|Any CPU
		{BFB6D4D3-5D7A-4B6D-9F1E-8D1E59F6C1F1}.Debug|x64.ActiveCfg = Debug|Any CPU
		{BFB6D4D3-5D7A-4B6D-9F1E-8D1E59F6C1F1}.Debug|x64.Build.0 = Debug|Any CPU
		{BFB6D4D3-5D7A-4B6D-9F1E-8D1E59F6C1F1}.Debug|x86.ActiveCfg = Debug|Any CPU
		{BFB6D4D3-5D7A-4B6D-9F1E-8D1E59F6C1F1}.Debug|x86.Build.0 = Debug|Any CPU
		{BFB6D4D3-5D7A-4B6D-9F1E-8D1E59F6C1F1}.Release|Any CPU.ActiveCfg = Release|Any CPU
		{BFB6D4D3-5D7A-4B6D-9F1E-8D1E59F6C1F1}.Release|Any CPU.Build.0 = Release|Any CPU
		{BFB6D4D3-5D7A-4B6D-9F1E-8D1E59F6C1F1}.Release|x64.ActiveCfg = Release|Any CPU
		{BFB6D4D3-5D7A-4B6D-9F1E-8D1E59F6C1F1}.Release|x64.Build.0 = Release|Any CPU
		{BFB6D4D3-5D7A-4B6D-9F1E-8D1E59F6C1F1}.Release|x86.ActiveCfg = Release|Any CPU
		{BFB6D4D3-5D7A-4B6D-9F1E-8D1E59F6C1F1}.Release|x86.Build.0 = Release|Any CPU
		{EB8067B6-0010-4894-B4E3-B08253873943}.Debug|Any CPU.ActiveCfg = Debug|Any CPU
		{EB8067B6-0010-4894-B4E3-B08253873943}.Debug|Any CPU.Build.0 = Debug|Any CPU
		{EB8067B6-0010-4894-B4E3-B08253873943}.Debug|x64.ActiveCfg = Debug|Any CPU
		{EB8067B6-0010-4894-B4E3-B08253873943}.Debug|x64.Build.0 = Debug|Any CPU
		{EB8067B6-0010-4894-B4E3-B08253873943}.Debug|x86.ActiveCfg = Debug|Any CPU
		{EB8067B6-0010-4894-B4E3-B08253873943}.Debug|x86.Build.0 = Debug|Any CPU
		{EB8067B6-0010-4894-B4E3-B08253873943}.Release|Any CPU.ActiveCfg = Release|Any CPU
		{EB8067B6-0010-4894-B4E3-B08253873943}.Release|Any CPU.Build.0 = Release|Any CPU
		{EB8067B6-0010-4894-B4E3-B08253873943}.Release|x64.ActiveCfg = Release|Any CPU
		{EB8067B6-0010-4894-B4E3-B08253873943}.Release|x64.Build.0 = Release|Any CPU
		{EB8067B6-0010-4894-B4E3-B08253873943}.Release|x86.ActiveCfg = Release|Any CPU
		{EB8067B6-0010-4894-B4E3-B08253873943}.Release|x86.Build.0 = Release|Any CPU
		{11776762-B0D9-4824-8A8F-ADEA4576B01B}.Debug|Any CPU.ActiveCfg = Debug|Any CPU
		{11776762-B0D9-4824-8A8F-ADEA4576B01B}.Debug|Any CPU.Build.0 = Debug|Any CPU
		{11776762-B0D9-4824-8A8F-ADEA4576B01B}.Debug|x64.ActiveCfg = Debug|Any CPU
		{11776762-B0D9-4824-8A8F-ADEA4576B01B}.Debug|x64.Build.0 = Debug|Any CPU
		{11776762-B0D9-4824-8A8F-ADEA4576B01B}.Debug|x86.ActiveCfg = Debug|Any CPU
		{11776762-B0D9-4824-8A8F-ADEA4576B01B}.Debug|x86.Build.0 = Debug|Any CPU
		{11776762-B0D9-4824-8A8F-ADEA4576B01B}.Release|Any CPU.ActiveCfg = Release|Any CPU
		{11776762-B0D9-4824-8A8F-ADEA4576B01B}.Release|Any CPU.Build.0 = Release|Any CPU
		{11776762-B0D9-4824-8A8F-ADEA4576B01B}.Release|x64.ActiveCfg = Release|Any CPU
		{11776762-B0D9-4824-8A8F-ADEA4576B01B}.Release|x64.Build.0 = Release|Any CPU
		{11776762-B0D9-4824-8A8F-ADEA4576B01B}.Release|x86.ActiveCfg = Release|Any CPU
		{11776762-B0D9-4824-8A8F-ADEA4576B01B}.Release|x86.Build.0 = Release|Any CPU
		{14879F7E-DBA4-4B69-86AD-93DECDBB5749}.Debug|Any CPU.ActiveCfg = Debug|Any CPU
		{14879F7E-DBA4-4B69-86AD-93DECDBB5749}.Debug|Any CPU.Build.0 = Debug|Any CPU
		{14879F7E-DBA4-4B69-86AD-93DECDBB5749}.Debug|x64.ActiveCfg = Debug|Any CPU
		{14879F7E-DBA4-4B69-86AD-93DECDBB5749}.Debug|x64.Build.0 = Debug|Any CPU
		{14879F7E-DBA4-4B69-86AD-93DECDBB5749}.Debug|x86.ActiveCfg = Debug|Any CPU
		{14879F7E-DBA4-4B69-86AD-93DECDBB5749}.Debug|x86.Build.0 = Debug|Any CPU
		{14879F7E-DBA4-4B69-86AD-93DECDBB5749}.Release|Any CPU.ActiveCfg = Release|Any CPU
		{14879F7E-DBA4-4B69-86AD-93DECDBB5749}.Release|Any CPU.Build.0 = Release|Any CPU
		{14879F7E-DBA4-4B69-86AD-93DECDBB5749}.Release|x64.ActiveCfg = Release|Any CPU
		{14879F7E-DBA4-4B69-86AD-93DECDBB5749}.Release|x64.Build.0 = Release|Any CPU
		{14879F7E-DBA4-4B69-86AD-93DECDBB5749}.Release|x86.ActiveCfg = Release|Any CPU
		{14879F7E-DBA4-4B69-86AD-93DECDBB5749}.Release|x86.Build.0 = Release|Any CPU
		{1553B265-7882-47A2-A896-DC58C55D764C}.Debug|Any CPU.ActiveCfg = Debug|Any CPU
		{1553B265-7882-47A2-A896-DC58C55D764C}.Debug|Any CPU.Build.0 = Debug|Any CPU
		{1553B265-7882-47A2-A896-DC58C55D764C}.Debug|x64.ActiveCfg = Debug|Any CPU
		{1553B265-7882-47A2-A896-DC58C55D764C}.Debug|x64.Build.0 = Debug|Any CPU
		{1553B265-7882-47A2-A896-DC58C55D764C}.Debug|x86.ActiveCfg = Debug|Any CPU
		{1553B265-7882-47A2-A896-DC58C55D764C}.Debug|x86.Build.0 = Debug|Any CPU
		{1553B265-7882-47A2-A896-DC58C55D764C}.Release|Any CPU.ActiveCfg = Release|Any CPU
		{1553B265-7882-47A2-A896-DC58C55D764C}.Release|Any CPU.Build.0 = Release|Any CPU
		{1553B265-7882-47A2-A896-DC58C55D764C}.Release|x64.ActiveCfg = Release|Any CPU
		{1553B265-7882-47A2-A896-DC58C55D764C}.Release|x64.Build.0 = Release|Any CPU
		{1553B265-7882-47A2-A896-DC58C55D764C}.Release|x86.ActiveCfg = Release|Any CPU
		{1553B265-7882-47A2-A896-DC58C55D764C}.Release|x86.Build.0 = Release|Any CPU
		{E9F1906C-54C6-4FF9-8534-02D3CDC31C48}.Debug|Any CPU.ActiveCfg = Debug|Any CPU
		{E9F1906C-54C6-4FF9-8534-02D3CDC31C48}.Debug|Any CPU.Build.0 = Debug|Any CPU
		{E9F1906C-54C6-4FF9-8534-02D3CDC31C48}.Debug|x64.ActiveCfg = Debug|Any CPU
		{E9F1906C-54C6-4FF9-8534-02D3CDC31C48}.Debug|x64.Build.0 = Debug|Any CPU
		{E9F1906C-54C6-4FF9-8534-02D3CDC31C48}.Debug|x86.ActiveCfg = Debug|Any CPU
		{E9F1906C-54C6-4FF9-8534-02D3CDC31C48}.Debug|x86.Build.0 = Debug|Any CPU
		{E9F1906C-54C6-4FF9-8534-02D3CDC31C48}.Release|Any CPU.ActiveCfg = Release|Any CPU
		{E9F1906C-54C6-4FF9-8534-02D3CDC31C48}.Release|Any CPU.Build.0 = Release|Any CPU
		{E9F1906C-54C6-4FF9-8534-02D3CDC31C48}.Release|x64.ActiveCfg = Release|Any CPU
		{E9F1906C-54C6-4FF9-8534-02D3CDC31C48}.Release|x64.Build.0 = Release|Any CPU
		{E9F1906C-54C6-4FF9-8534-02D3CDC31C48}.Release|x86.ActiveCfg = Release|Any CPU
		{E9F1906C-54C6-4FF9-8534-02D3CDC31C48}.Release|x86.Build.0 = Release|Any CPU
		{D1CA2258-32FA-423D-8192-BFABAE6823D7}.Debug|Any CPU.ActiveCfg = Debug|Any CPU
		{D1CA2258-32FA-423D-8192-BFABAE6823D7}.Debug|Any CPU.Build.0 = Debug|Any CPU
		{D1CA2258-32FA-423D-8192-BFABAE6823D7}.Debug|x64.ActiveCfg = Debug|Any CPU
		{D1CA2258-32FA-423D-8192-BFABAE6823D7}.Debug|x64.Build.0 = Debug|Any CPU
		{D1CA2258-32FA-423D-8192-BFABAE6823D7}.Debug|x86.ActiveCfg = Debug|Any CPU
		{D1CA2258-32FA-423D-8192-BFABAE6823D7}.Debug|x86.Build.0 = Debug|Any CPU
		{D1CA2258-32FA-423D-8192-BFABAE6823D7}.Release|Any CPU.ActiveCfg = Release|Any CPU
		{D1CA2258-32FA-423D-8192-BFABAE6823D7}.Release|Any CPU.Build.0 = Release|Any CPU
		{D1CA2258-32FA-423D-8192-BFABAE6823D7}.Release|x64.ActiveCfg = Release|Any CPU
		{D1CA2258-32FA-423D-8192-BFABAE6823D7}.Release|x64.Build.0 = Release|Any CPU
		{D1CA2258-32FA-423D-8192-BFABAE6823D7}.Release|x86.ActiveCfg = Release|Any CPU
		{D1CA2258-32FA-423D-8192-BFABAE6823D7}.Release|x86.Build.0 = Release|Any CPU
		{B5121C01-4AA7-4E68-BFB2-A51F58F2108E}.Debug|Any CPU.ActiveCfg = Debug|Any CPU
		{B5121C01-4AA7-4E68-BFB2-A51F58F2108E}.Debug|Any CPU.Build.0 = Debug|Any CPU
		{B5121C01-4AA7-4E68-BFB2-A51F58F2108E}.Debug|x64.ActiveCfg = Debug|Any CPU
		{B5121C01-4AA7-4E68-BFB2-A51F58F2108E}.Debug|x64.Build.0 = Debug|Any CPU
		{B5121C01-4AA7-4E68-BFB2-A51F58F2108E}.Debug|x86.ActiveCfg = Debug|Any CPU
		{B5121C01-4AA7-4E68-BFB2-A51F58F2108E}.Debug|x86.Build.0 = Debug|Any CPU
		{B5121C01-4AA7-4E68-BFB2-A51F58F2108E}.Release|Any CPU.ActiveCfg = Release|Any CPU
		{B5121C01-4AA7-4E68-BFB2-A51F58F2108E}.Release|Any CPU.Build.0 = Release|Any CPU
		{B5121C01-4AA7-4E68-BFB2-A51F58F2108E}.Release|x64.ActiveCfg = Release|Any CPU
		{B5121C01-4AA7-4E68-BFB2-A51F58F2108E}.Release|x64.Build.0 = Release|Any CPU
		{B5121C01-4AA7-4E68-BFB2-A51F58F2108E}.Release|x86.ActiveCfg = Release|Any CPU
		{B5121C01-4AA7-4E68-BFB2-A51F58F2108E}.Release|x86.Build.0 = Release|Any CPU
		{E445C0F2-AA18-4D1A-AE20-96B52CBE12F6}.Debug|Any CPU.ActiveCfg = Debug|Any CPU
		{E445C0F2-AA18-4D1A-AE20-96B52CBE12F6}.Debug|Any CPU.Build.0 = Debug|Any CPU
		{E445C0F2-AA18-4D1A-AE20-96B52CBE12F6}.Debug|x64.ActiveCfg = Debug|Any CPU
		{E445C0F2-AA18-4D1A-AE20-96B52CBE12F6}.Debug|x64.Build.0 = Debug|Any CPU
		{E445C0F2-AA18-4D1A-AE20-96B52CBE12F6}.Debug|x86.ActiveCfg = Debug|Any CPU
		{E445C0F2-AA18-4D1A-AE20-96B52CBE12F6}.Debug|x86.Build.0 = Debug|Any CPU
		{E445C0F2-AA18-4D1A-AE20-96B52CBE12F6}.Release|Any CPU.ActiveCfg = Release|Any CPU
		{E445C0F2-AA18-4D1A-AE20-96B52CBE12F6}.Release|Any CPU.Build.0 = Release|Any CPU
		{E445C0F2-AA18-4D1A-AE20-96B52CBE12F6}.Release|x64.ActiveCfg = Release|Any CPU
		{E445C0F2-AA18-4D1A-AE20-96B52CBE12F6}.Release|x64.Build.0 = Release|Any CPU
		{E445C0F2-AA18-4D1A-AE20-96B52CBE12F6}.Release|x86.ActiveCfg = Release|Any CPU
		{E445C0F2-AA18-4D1A-AE20-96B52CBE12F6}.Release|x86.Build.0 = Release|Any CPU
		{A7648C30-3FEE-4277-95CC-818844F6CA7B}.Debug|Any CPU.ActiveCfg = Debug|Any CPU
		{A7648C30-3FEE-4277-95CC-818844F6CA7B}.Debug|Any CPU.Build.0 = Debug|Any CPU
		{A7648C30-3FEE-4277-95CC-818844F6CA7B}.Debug|x64.ActiveCfg = Debug|Any CPU
		{A7648C30-3FEE-4277-95CC-818844F6CA7B}.Debug|x64.Build.0 = Debug|Any CPU
		{A7648C30-3FEE-4277-95CC-818844F6CA7B}.Debug|x86.ActiveCfg = Debug|Any CPU
		{A7648C30-3FEE-4277-95CC-818844F6CA7B}.Debug|x86.Build.0 = Debug|Any CPU
		{A7648C30-3FEE-4277-95CC-818844F6CA7B}.Release|Any CPU.ActiveCfg = Release|Any CPU
		{A7648C30-3FEE-4277-95CC-818844F6CA7B}.Release|Any CPU.Build.0 = Release|Any CPU
		{A7648C30-3FEE-4277-95CC-818844F6CA7B}.Release|x64.ActiveCfg = Release|Any CPU
		{A7648C30-3FEE-4277-95CC-818844F6CA7B}.Release|x64.Build.0 = Release|Any CPU
		{A7648C30-3FEE-4277-95CC-818844F6CA7B}.Release|x86.ActiveCfg = Release|Any CPU
		{A7648C30-3FEE-4277-95CC-818844F6CA7B}.Release|x86.Build.0 = Release|Any CPU
		{C9EFB04A-0D78-4F40-B13C-53DAA65C64F8}.Debug|Any CPU.ActiveCfg = Debug|Any CPU
		{C9EFB04A-0D78-4F40-B13C-53DAA65C64F8}.Debug|Any CPU.Build.0 = Debug|Any CPU
		{C9EFB04A-0D78-4F40-B13C-53DAA65C64F8}.Debug|x64.ActiveCfg = Debug|Any CPU
		{C9EFB04A-0D78-4F40-B13C-53DAA65C64F8}.Debug|x64.Build.0 = Debug|Any CPU
		{C9EFB04A-0D78-4F40-B13C-53DAA65C64F8}.Debug|x86.ActiveCfg = Debug|Any CPU
		{C9EFB04A-0D78-4F40-B13C-53DAA65C64F8}.Debug|x86.Build.0 = Debug|Any CPU
		{C9EFB04A-0D78-4F40-B13C-53DAA65C64F8}.Release|Any CPU.ActiveCfg = Release|Any CPU
		{C9EFB04A-0D78-4F40-B13C-53DAA65C64F8}.Release|Any CPU.Build.0 = Release|Any CPU
		{C9EFB04A-0D78-4F40-B13C-53DAA65C64F8}.Release|x64.ActiveCfg = Release|Any CPU
		{C9EFB04A-0D78-4F40-B13C-53DAA65C64F8}.Release|x64.Build.0 = Release|Any CPU
		{C9EFB04A-0D78-4F40-B13C-53DAA65C64F8}.Release|x86.ActiveCfg = Release|Any CPU
		{C9EFB04A-0D78-4F40-B13C-53DAA65C64F8}.Release|x86.Build.0 = Release|Any CPU
		{E821C5C5-74DE-4EAB-9B18-0297CE61217E}.Debug|Any CPU.ActiveCfg = Debug|Any CPU
		{E821C5C5-74DE-4EAB-9B18-0297CE61217E}.Debug|Any CPU.Build.0 = Debug|Any CPU
		{E821C5C5-74DE-4EAB-9B18-0297CE61217E}.Debug|x64.ActiveCfg = Debug|Any CPU
		{E821C5C5-74DE-4EAB-9B18-0297CE61217E}.Debug|x64.Build.0 = Debug|Any CPU
		{E821C5C5-74DE-4EAB-9B18-0297CE61217E}.Debug|x86.ActiveCfg = Debug|Any CPU
		{E821C5C5-74DE-4EAB-9B18-0297CE61217E}.Debug|x86.Build.0 = Debug|Any CPU
		{E821C5C5-74DE-4EAB-9B18-0297CE61217E}.Release|Any CPU.ActiveCfg = Release|Any CPU
		{E821C5C5-74DE-4EAB-9B18-0297CE61217E}.Release|Any CPU.Build.0 = Release|Any CPU
		{E821C5C5-74DE-4EAB-9B18-0297CE61217E}.Release|x64.ActiveCfg = Release|Any CPU
		{E821C5C5-74DE-4EAB-9B18-0297CE61217E}.Release|x64.Build.0 = Release|Any CPU
		{E821C5C5-74DE-4EAB-9B18-0297CE61217E}.Release|x86.ActiveCfg = Release|Any CPU
		{E821C5C5-74DE-4EAB-9B18-0297CE61217E}.Release|x86.Build.0 = Release|Any CPU
		{2BE3D375-F376-4B43-BF95-154152AACFD7}.Debug|Any CPU.ActiveCfg = Debug|Any CPU
		{2BE3D375-F376-4B43-BF95-154152AACFD7}.Debug|Any CPU.Build.0 = Debug|Any CPU
		{2BE3D375-F376-4B43-BF95-154152AACFD7}.Debug|x64.ActiveCfg = Debug|Any CPU
		{2BE3D375-F376-4B43-BF95-154152AACFD7}.Debug|x64.Build.0 = Debug|Any CPU
		{2BE3D375-F376-4B43-BF95-154152AACFD7}.Debug|x86.ActiveCfg = Debug|Any CPU
		{2BE3D375-F376-4B43-BF95-154152AACFD7}.Debug|x86.Build.0 = Debug|Any CPU
		{2BE3D375-F376-4B43-BF95-154152AACFD7}.Release|Any CPU.ActiveCfg = Release|Any CPU
		{2BE3D375-F376-4B43-BF95-154152AACFD7}.Release|Any CPU.Build.0 = Release|Any CPU
		{2BE3D375-F376-4B43-BF95-154152AACFD7}.Release|x64.ActiveCfg = Release|Any CPU
		{2BE3D375-F376-4B43-BF95-154152AACFD7}.Release|x64.Build.0 = Release|Any CPU
		{2BE3D375-F376-4B43-BF95-154152AACFD7}.Release|x86.ActiveCfg = Release|Any CPU
		{2BE3D375-F376-4B43-BF95-154152AACFD7}.Release|x86.Build.0 = Release|Any CPU
		{C9A8ABA4-63D6-45BC-BA5F-6F2BDF86BE4E}.Debug|Any CPU.ActiveCfg = Debug|Any CPU
		{C9A8ABA4-63D6-45BC-BA5F-6F2BDF86BE4E}.Debug|Any CPU.Build.0 = Debug|Any CPU
		{C9A8ABA4-63D6-45BC-BA5F-6F2BDF86BE4E}.Debug|x64.ActiveCfg = Debug|Any CPU
		{C9A8ABA4-63D6-45BC-BA5F-6F2BDF86BE4E}.Debug|x64.Build.0 = Debug|Any CPU
		{C9A8ABA4-63D6-45BC-BA5F-6F2BDF86BE4E}.Debug|x86.ActiveCfg = Debug|Any CPU
		{C9A8ABA4-63D6-45BC-BA5F-6F2BDF86BE4E}.Debug|x86.Build.0 = Debug|Any CPU
		{C9A8ABA4-63D6-45BC-BA5F-6F2BDF86BE4E}.Release|Any CPU.ActiveCfg = Release|Any CPU
		{C9A8ABA4-63D6-45BC-BA5F-6F2BDF86BE4E}.Release|Any CPU.Build.0 = Release|Any CPU
		{C9A8ABA4-63D6-45BC-BA5F-6F2BDF86BE4E}.Release|x64.ActiveCfg = Release|Any CPU
		{C9A8ABA4-63D6-45BC-BA5F-6F2BDF86BE4E}.Release|x64.Build.0 = Release|Any CPU
		{C9A8ABA4-63D6-45BC-BA5F-6F2BDF86BE4E}.Release|x86.ActiveCfg = Release|Any CPU
		{C9A8ABA4-63D6-45BC-BA5F-6F2BDF86BE4E}.Release|x86.Build.0 = Release|Any CPU
		{4BAE572E-9CBB-47FC-A4D2-01E95AC6E084}.Debug|Any CPU.ActiveCfg = Debug|Any CPU
		{4BAE572E-9CBB-47FC-A4D2-01E95AC6E084}.Debug|Any CPU.Build.0 = Debug|Any CPU
		{4BAE572E-9CBB-47FC-A4D2-01E95AC6E084}.Debug|x64.ActiveCfg = Debug|Any CPU
		{4BAE572E-9CBB-47FC-A4D2-01E95AC6E084}.Debug|x64.Build.0 = Debug|Any CPU
		{4BAE572E-9CBB-47FC-A4D2-01E95AC6E084}.Debug|x86.ActiveCfg = Debug|Any CPU
		{4BAE572E-9CBB-47FC-A4D2-01E95AC6E084}.Debug|x86.Build.0 = Debug|Any CPU
		{4BAE572E-9CBB-47FC-A4D2-01E95AC6E084}.Release|Any CPU.ActiveCfg = Release|Any CPU
		{4BAE572E-9CBB-47FC-A4D2-01E95AC6E084}.Release|Any CPU.Build.0 = Release|Any CPU
		{4BAE572E-9CBB-47FC-A4D2-01E95AC6E084}.Release|x64.ActiveCfg = Release|Any CPU
		{4BAE572E-9CBB-47FC-A4D2-01E95AC6E084}.Release|x64.Build.0 = Release|Any CPU
		{4BAE572E-9CBB-47FC-A4D2-01E95AC6E084}.Release|x86.ActiveCfg = Release|Any CPU
		{4BAE572E-9CBB-47FC-A4D2-01E95AC6E084}.Release|x86.Build.0 = Release|Any CPU
		{8A3D4B42-9456-4C25-B287-F88AF9D176BC}.Debug|Any CPU.ActiveCfg = Debug|Any CPU
		{8A3D4B42-9456-4C25-B287-F88AF9D176BC}.Debug|Any CPU.Build.0 = Debug|Any CPU
		{8A3D4B42-9456-4C25-B287-F88AF9D176BC}.Debug|x64.ActiveCfg = Debug|Any CPU
		{8A3D4B42-9456-4C25-B287-F88AF9D176BC}.Debug|x64.Build.0 = Debug|Any CPU
		{8A3D4B42-9456-4C25-B287-F88AF9D176BC}.Debug|x86.ActiveCfg = Debug|Any CPU
		{8A3D4B42-9456-4C25-B287-F88AF9D176BC}.Debug|x86.Build.0 = Debug|Any CPU
		{8A3D4B42-9456-4C25-B287-F88AF9D176BC}.Release|Any CPU.ActiveCfg = Release|Any CPU
		{8A3D4B42-9456-4C25-B287-F88AF9D176BC}.Release|Any CPU.Build.0 = Release|Any CPU
		{8A3D4B42-9456-4C25-B287-F88AF9D176BC}.Release|x64.ActiveCfg = Release|Any CPU
		{8A3D4B42-9456-4C25-B287-F88AF9D176BC}.Release|x64.Build.0 = Release|Any CPU
		{8A3D4B42-9456-4C25-B287-F88AF9D176BC}.Release|x86.ActiveCfg = Release|Any CPU
		{8A3D4B42-9456-4C25-B287-F88AF9D176BC}.Release|x86.Build.0 = Release|Any CPU
		{1B12B659-DD3A-45E3-B144-33168995925F}.Debug|Any CPU.ActiveCfg = Debug|Any CPU
		{1B12B659-DD3A-45E3-B144-33168995925F}.Debug|Any CPU.Build.0 = Debug|Any CPU
		{1B12B659-DD3A-45E3-B144-33168995925F}.Debug|x64.ActiveCfg = Debug|Any CPU
		{1B12B659-DD3A-45E3-B144-33168995925F}.Debug|x64.Build.0 = Debug|Any CPU
		{1B12B659-DD3A-45E3-B144-33168995925F}.Debug|x86.ActiveCfg = Debug|Any CPU
		{1B12B659-DD3A-45E3-B144-33168995925F}.Debug|x86.Build.0 = Debug|Any CPU
		{1B12B659-DD3A-45E3-B144-33168995925F}.Release|Any CPU.ActiveCfg = Release|Any CPU
		{1B12B659-DD3A-45E3-B144-33168995925F}.Release|Any CPU.Build.0 = Release|Any CPU
		{1B12B659-DD3A-45E3-B144-33168995925F}.Release|x64.ActiveCfg = Release|Any CPU
		{1B12B659-DD3A-45E3-B144-33168995925F}.Release|x64.Build.0 = Release|Any CPU
		{1B12B659-DD3A-45E3-B144-33168995925F}.Release|x86.ActiveCfg = Release|Any CPU
		{1B12B659-DD3A-45E3-B144-33168995925F}.Release|x86.Build.0 = Release|Any CPU
		{BED165D4-3FA4-4784-899A-BAC4F4843AA0}.Debug|Any CPU.ActiveCfg = Debug|Any CPU
		{BED165D4-3FA4-4784-899A-BAC4F4843AA0}.Debug|Any CPU.Build.0 = Debug|Any CPU
		{BED165D4-3FA4-4784-899A-BAC4F4843AA0}.Debug|x64.ActiveCfg = Debug|Any CPU
		{BED165D4-3FA4-4784-899A-BAC4F4843AA0}.Debug|x64.Build.0 = Debug|Any CPU
		{BED165D4-3FA4-4784-899A-BAC4F4843AA0}.Debug|x86.ActiveCfg = Debug|Any CPU
		{BED165D4-3FA4-4784-899A-BAC4F4843AA0}.Debug|x86.Build.0 = Debug|Any CPU
		{BED165D4-3FA4-4784-899A-BAC4F4843AA0}.Release|Any CPU.ActiveCfg = Release|Any CPU
		{BED165D4-3FA4-4784-899A-BAC4F4843AA0}.Release|Any CPU.Build.0 = Release|Any CPU
		{BED165D4-3FA4-4784-899A-BAC4F4843AA0}.Release|x64.ActiveCfg = Release|Any CPU
		{BED165D4-3FA4-4784-899A-BAC4F4843AA0}.Release|x64.Build.0 = Release|Any CPU
		{BED165D4-3FA4-4784-899A-BAC4F4843AA0}.Release|x86.ActiveCfg = Release|Any CPU
		{BED165D4-3FA4-4784-899A-BAC4F4843AA0}.Release|x86.Build.0 = Release|Any CPU
	EndGlobalSection
	GlobalSection(SolutionProperties) = preSolution
		HideSolutionNode = FALSE
	EndGlobalSection
	GlobalSection(NestedProjects) = preSolution
		{EB8067B6-0010-4894-B4E3-B08253873943} = {1AE8ACA6-933B-BF2A-3671-3E2EAC007D16}
		{11776762-B0D9-4824-8A8F-ADEA4576B01B} = {1AE8ACA6-933B-BF2A-3671-3E2EAC007D16}
		{14879F7E-DBA4-4B69-86AD-93DECDBB5749} = {1AE8ACA6-933B-BF2A-3671-3E2EAC007D16}
		{1553B265-7882-47A2-A896-DC58C55D764C} = {1AE8ACA6-933B-BF2A-3671-3E2EAC007D16}
		{E9F1906C-54C6-4FF9-8534-02D3CDC31C48} = {1AE8ACA6-933B-BF2A-3671-3E2EAC007D16}
		{D1CA2258-32FA-423D-8192-BFABAE6823D7} = {1AE8ACA6-933B-BF2A-3671-3E2EAC007D16}
		{B5121C01-4AA7-4E68-BFB2-A51F58F2108E} = {1AE8ACA6-933B-BF2A-3671-3E2EAC007D16}
		{E445C0F2-AA18-4D1A-AE20-96B52CBE12F6} = {1AE8ACA6-933B-BF2A-3671-3E2EAC007D16}
		{A7648C30-3FEE-4277-95CC-818844F6CA7B} = {1AE8ACA6-933B-BF2A-3671-3E2EAC007D16}
		{C9EFB04A-0D78-4F40-B13C-53DAA65C64F8} = {1AE8ACA6-933B-BF2A-3671-3E2EAC007D16}
		{E821C5C5-74DE-4EAB-9B18-0297CE61217E} = {1AE8ACA6-933B-BF2A-3671-3E2EAC007D16}
		{2BE3D375-F376-4B43-BF95-154152AACFD7} = {1AE8ACA6-933B-BF2A-3671-3E2EAC007D16}
		{C9A8ABA4-63D6-45BC-BA5F-6F2BDF86BE4E} = {1AE8ACA6-933B-BF2A-3671-3E2EAC007D16}
		{4BAE572E-9CBB-47FC-A4D2-01E95AC6E084} = {1AE8ACA6-933B-BF2A-3671-3E2EAC007D16}
		{8A3D4B42-9456-4C25-B287-F88AF9D176BC} = {1AE8ACA6-933B-BF2A-3671-3E2EAC007D16}
		{1B12B659-DD3A-45E3-B144-33168995925F} = {1AE8ACA6-933B-BF2A-3671-3E2EAC007D16}
		{BED165D4-3FA4-4784-899A-BAC4F4843AA0} = {1AE8ACA6-933B-BF2A-3671-3E2EAC007D16}
	EndGlobalSection
EndGlobal
